
Microsoft Visual Studio Solution File, Format Version 12.00
# Visual Studio Version 17
VisualStudioVersion = 17.2.32630.192
MinimumVisualStudioVersion = 10.0.40219.1
Project("{8BC9CEB8-8B4A-11D0-8D11-00A0C91BC942}") = "study7.18", "study7.18.vcxproj", "{81B83129-4E6D-4869-A043-D7854B759A2E}"
EndProject
Global
	GlobalSection(SolutionConfigurationPlatforms) = preSolution
		Debug|x64 = Debug|x64
		Debug|x86 = Debug|x86
		Release|x64 = Release|x64
		Release|x86 = Release|x86
	EndGlobalSection
	GlobalSection(ProjectConfigurationPlatforms) = postSolution
		{81B83129-4E6D-4869-A043-D7854B759A2E}.Debug|x64.ActiveCfg = Debug|x64
		{81B83129-4E6D-4869-A043-D7854B759A2E}.Debug|x64.Build.0 = Debug|x64
		{81B83129-4E6D-4869-A043-D7854B759A2E}.Debug|x86.ActiveCfg = Debug|Win32
		{81B83129-4E6D-4869-A043-D7854B759A2E}.Debug|x86.Build.0 = Debug|Win32
		{81B83129-4E6D-4869-A043-D7854B759A2E}.Release|x64.ActiveCfg = Release|x64
		{81B83129-4E6D-4869-A043-D7854B759A2E}.Release|x64.Build.0 = Release|x64
		{81B83129-4E6D-4869-A043-D7854B759A2E}.Release|x86.ActiveCfg = Release|Win32
		{81B83129-4E6D-4869-A043-D7854B759A2E}.Release|x86.Build.0 = Release|Win32
	EndGlobalSection
	GlobalSection(SolutionProperties) = preSolution
		HideSolutionNode = FALSE
	EndGlobalSection
	GlobalSection(ExtensibilityGlobals) = postSolution
		SolutionGuid = {49FDE569-2B33-4523-9AD2-E44A8F4654B2}
	EndGlobalSection
EndGlobal
